
Microsoft Visual Studio Solution File, Format Version 12.00
# Visual Studio Version 16
VisualStudioVersion = 16.0.31829.152
MinimumVisualStudioVersion = 10.0.40219.1
Project("{9A19103F-16F7-4668-BE54-9A1E7A4F7556}") = "HP", "..\..\..\..\..\XamarinFormsSolution\HP\HP.csproj", "{D7CA22C3-A9BC-42D1-B142-8404441BB6AF}"
EndProject
Project("{9A19103F-16F7-4668-BE54-9A1E7A4F7556}") = "HP.Wpf", "..\..\..\..\..\XamarinFormsSolution\HP.Wpf\HP.Wpf.csproj", "{2884489A-A884-4BA5-B598-A1B5BB6F91E5}"
EndProject
Global
	GlobalSection(SolutionConfigurationPlatforms) = preSolution
		Debug|Any CPU = Debug|Any CPU
		Release|Any CPU = Release|Any CPU
	EndGlobalSection
	GlobalSection(ProjectConfigurationPlatforms) = postSolution
		{D7CA22C3-A9BC-42D1-B142-8404441BB6AF}.Debug|Any CPU.ActiveCfg = Debug|Any CPU
		{D7CA22C3-A9BC-42D1-B142-8404441BB6AF}.Debug|Any CPU.Build.0 = Debug|Any CPU
		{D7CA22C3-A9BC-42D1-B142-8404441BB6AF}.Release|Any CPU.ActiveCfg = Release|Any CPU
		{D7CA22C3-A9BC-42D1-B142-8404441BB6AF}.Release|Any CPU.Build.0 = Release|Any CPU
		{2884489A-A884-4BA5-B598-A1B5BB6F91E5}.Debug|Any CPU.ActiveCfg = Debug|Any CPU
		{2884489A-A884-4BA5-B598-A1B5BB6F91E5}.Debug|Any CPU.Build.0 = Debug|Any CPU
		{2884489A-A884-4BA5-B598-A1B5BB6F91E5}.Release|Any CPU.ActiveCfg = Release|Any CPU
		{2884489A-A884-4BA5-B598-A1B5BB6F91E5}.Release|Any CPU.Build.0 = Release|Any CPU
	EndGlobalSection
	GlobalSection(SolutionProperties) = preSolution
		HideSolutionNode = FALSE
	EndGlobalSection
	GlobalSection(ExtensibilityGlobals) = postSolution
		SolutionGuid = {081E277E-0E14-47F8-8EB9-2AE91FE6D971}
	EndGlobalSection
EndGlobal
