
Microsoft Visual Studio Solution File, Format Version 12.00
# Visual Studio Version 16
VisualStudioVersion = 16.0.31829.152
MinimumVisualStudioVersion = 10.0.40219.1
Project("{9A19103F-16F7-4668-BE54-9A1E7A4F7556}") = "HP", "HP\HP.csproj", "{3722D50B-804C-4766-9CF8-F0C4871EA42A}"
EndProject
Project("{9A19103F-16F7-4668-BE54-9A1E7A4F7556}") = "HP.Wpf", "HP.Wpf\HP.Wpf.csproj", "{EE107748-61A4-4BAB-9B8E-72A43F273065}"
EndProject
Global
	GlobalSection(SolutionConfigurationPlatforms) = preSolution
		Debug|Any CPU = Debug|Any CPU
		Release|Any CPU = Release|Any CPU
	EndGlobalSection
	GlobalSection(ProjectConfigurationPlatforms) = postSolution
		{3722D50B-804C-4766-9CF8-F0C4871EA42A}.Debug|Any CPU.ActiveCfg = Debug|Any CPU
		{3722D50B-804C-4766-9CF8-F0C4871EA42A}.Debug|Any CPU.Build.0 = Debug|Any CPU
		{3722D50B-804C-4766-9CF8-F0C4871EA42A}.Release|Any CPU.ActiveCfg = Release|Any CPU
		{3722D50B-804C-4766-9CF8-F0C4871EA42A}.Release|Any CPU.Build.0 = Release|Any CPU
		{EE107748-61A4-4BAB-9B8E-72A43F273065}.Debug|Any CPU.ActiveCfg = Debug|Any CPU
		{EE107748-61A4-4BAB-9B8E-72A43F273065}.Debug|Any CPU.Build.0 = Debug|Any CPU
		{EE107748-61A4-4BAB-9B8E-72A43F273065}.Release|Any CPU.ActiveCfg = Release|Any CPU
		{EE107748-61A4-4BAB-9B8E-72A43F273065}.Release|Any CPU.Build.0 = Release|Any CPU
	EndGlobalSection
	GlobalSection(SolutionProperties) = preSolution
		HideSolutionNode = FALSE
	EndGlobalSection
	GlobalSection(ExtensibilityGlobals) = postSolution
		SolutionGuid = {081E277E-0E14-47F8-8EB9-2AE91FE6D971}
	EndGlobalSection
EndGlobal
